// !$*UTF8*$!
{
	archiveVersion = 1;
	classes = {
	};
	objectVersion = 46;
	objects = {

/* Begin PBXBuildFile section */
		DC0CCC001EDD4B1F00553BA2 /* AirportDetailViewController.swift in Sources */ = {isa = PBXBuildFile; fileRef = DC0CCBFF1EDD4B1F00553BA2 /* AirportDetailViewController.swift */; };
		DC828C501EDC2A79002B5498 /* AppDelegate.swift in Sources */ = {isa = PBXBuildFile; fileRef = DC828C4F1EDC2A79002B5498 /* AppDelegate.swift */; };
		DC828C551EDC2A79002B5498 /* Main.storyboard in Resources */ = {isa = PBXBuildFile; fileRef = DC828C531EDC2A79002B5498 /* Main.storyboard */; };
		DC828C571EDC2A79002B5498 /* Assets.xcassets in Resources */ = {isa = PBXBuildFile; fileRef = DC828C561EDC2A79002B5498 /* Assets.xcassets */; };
		DC828C5A1EDC2A79002B5498 /* LaunchScreen.storyboard in Resources */ = {isa = PBXBuildFile; fileRef = DC828C581EDC2A79002B5498 /* LaunchScreen.storyboard */; };
		DC828D0C1EDC3549002B5498 /* AirportsTableViewController.swift in Sources */ = {isa = PBXBuildFile; fileRef = DC828D0B1EDC3549002B5498 /* AirportsTableViewController.swift */; };
		DC9C73FF1EDC8B920025BA5D /* Airports Data in Resources */ = {isa = PBXBuildFile; fileRef = DC9C73FE1EDC8B920025BA5D /* Airports Data */; };
/* End PBXBuildFile section */

/* Begin PBXFileReference section */
		DC0CCBFF1EDD4B1F00553BA2 /* AirportDetailViewController.swift */ = {isa = PBXFileReference; fileEncoding = 4; lastKnownFileType = sourcecode.swift; path = AirportDetailViewController.swift; sourceTree = "<group>"; };
		DC828C4C1EDC2A79002B5498 /* AirportsList.app */ = {isa = PBXFileReference; explicitFileType = wrapper.application; includeInIndex = 0; path = AirportsList.app; sourceTree = BUILT_PRODUCTS_DIR; };
		DC828C4F1EDC2A79002B5498 /* AppDelegate.swift */ = {isa = PBXFileReference; lastKnownFileType = sourcecode.swift; path = AppDelegate.swift; sourceTree = "<group>"; };
		DC828C541EDC2A79002B5498 /* Base */ = {isa = PBXFileReference; lastKnownFileType = file.storyboard; name = Base; path = Base.lproj/Main.storyboard; sourceTree = "<group>"; };
		DC828C561EDC2A79002B5498 /* Assets.xcassets */ = {isa = PBXFileReference; lastKnownFileType = folder.assetcatalog; path = Assets.xcassets; sourceTree = "<group>"; };
		DC828C591EDC2A79002B5498 /* Base */ = {isa = PBXFileReference; lastKnownFileType = file.storyboard; name = Base; path = Base.lproj/LaunchScreen.storyboard; sourceTree = "<group>"; };
		DC828C5B1EDC2A79002B5498 /* Info.plist */ = {isa = PBXFileReference; lastKnownFileType = text.plist.xml; path = Info.plist; sourceTree = "<group>"; };
		DC828D0B1EDC3549002B5498 /* AirportsTableViewController.swift */ = {isa = PBXFileReference; fileEncoding = 4; lastKnownFileType = sourcecode.swift; path = AirportsTableViewController.swift; sourceTree = "<group>"; };
		DC9C73FE1EDC8B920025BA5D /* Airports Data */ = {isa = PBXFileReference; lastKnownFileType = folder; path = "Airports Data"; sourceTree = "<group>"; };
/* End PBXFileReference section */

/* Begin PBXFrameworksBuildPhase section */
		DC828C491EDC2A79002B5498 /* Frameworks */ = {
			isa = PBXFrameworksBuildPhase;
			buildActionMask = 2147483647;
			files = (
			);
			runOnlyForDeploymentPostprocessing = 0;
		};
/* End PBXFrameworksBuildPhase section */

/* Begin PBXGroup section */
		DC828C431EDC2A79002B5498 = {
			isa = PBXGroup;
			children = (
				DC828C4E1EDC2A79002B5498 /* Resources */,
				DC828C4D1EDC2A79002B5498 /* Products */,
			);
			sourceTree = "<group>";
		};
		DC828C4D1EDC2A79002B5498 /* Products */ = {
			isa = PBXGroup;
			children = (
				DC828C4C1EDC2A79002B5498 /* AirportsList.app */,
			);
			name = Products;
			sourceTree = "<group>";
		};
		DC828C4E1EDC2A79002B5498 /* Resources */ = {
			isa = PBXGroup;
			children = (
				DC9C73FE1EDC8B920025BA5D /* Airports Data */,
				DC828C4F1EDC2A79002B5498 /* AppDelegate.swift */,
				DC828C531EDC2A79002B5498 /* Main.storyboard */,
				DC0CCBFF1EDD4B1F00553BA2 /* AirportDetailViewController.swift */,
				DC828D0B1EDC3549002B5498 /* AirportsTableViewController.swift */,
				DC828C561EDC2A79002B5498 /* Assets.xcassets */,
				DC828C581EDC2A79002B5498 /* LaunchScreen.storyboard */,
				DC828C5B1EDC2A79002B5498 /* Info.plist */,
			);
			name = Resources;
			path = AirportsList;
			sourceTree = "<group>";
		};
/* End PBXGroup section */

/* Begin PBXNativeTarget section */
		DC828C4B1EDC2A79002B5498 /* AirportsList */ = {
			isa = PBXNativeTarget;
			buildConfigurationList = DC828C5E1EDC2A79002B5498 /* Build configuration list for PBXNativeTarget "AirportsList" */;
			buildPhases = (
				DC828C481EDC2A79002B5498 /* Sources */,
				DC828C491EDC2A79002B5498 /* Frameworks */,
				DC828C4A1EDC2A79002B5498 /* Resources */,
			);
			buildRules = (
			);
			dependencies = (
			);
			name = AirportsList;
			productName = AirportsList;
			productReference = DC828C4C1EDC2A79002B5498 /* AirportsList.app */;
			productType = "com.apple.product-type.application";
		};
/* End PBXNativeTarget section */

/* Begin PBXProject section */
		DC828C441EDC2A79002B5498 /* Project object */ = {
			isa = PBXProject;
			attributes = {
				LastSwiftUpdateCheck = 0820;
				LastUpgradeCheck = 0820;
				ORGANIZATIONNAME = "傅信穎";
				TargetAttributes = {
					DC828C4B1EDC2A79002B5498 = {
						CreatedOnToolsVersion = 8.2.1;
						ProvisioningStyle = Automatic;
					};
				};
			};
			buildConfigurationList = DC828C471EDC2A79002B5498 /* Build configuration list for PBXProject "AirportsList" */;
			compatibilityVersion = "Xcode 3.2";
			developmentRegion = English;
			hasScannedForEncodings = 0;
			knownRegions = (
				en,
				Base,
			);
			mainGroup = DC828C431EDC2A79002B5498;
			productRefGroup = DC828C4D1EDC2A79002B5498 /* Products */;
			projectDirPath = "";
			projectRoot = "";
			targets = (
				DC828C4B1EDC2A79002B5498 /* AirportsList */,
			);
		};
/* End PBXProject section */

/* Begin PBXResourcesBuildPhase section */
		DC828C4A1EDC2A79002B5498 /* Resources */ = {
			isa = PBXResourcesBuildPhase;
			buildActionMask = 2147483647;
			files = (
				DC828C5A1EDC2A79002B5498 /* LaunchScreen.storyboard in Resources */,
				DC828C571EDC2A79002B5498 /* Assets.xcassets in Resources */,
				DC828C551EDC2A79002B5498 /* Main.storyboard in Resources */,
				DC9C73FF1EDC8B920025BA5D /* Airports Data in Resources */,
			);
			runOnlyForDeploymentPostprocessing = 0;
		};
/* End PBXResourcesBuildPhase section */

/* Begin PBXSourcesBuildPhase section */
		DC828C481EDC2A79002B5498 /* Sources */ = {
			isa = PBXSourcesBuildPhase;
			buildActionMask = 2147483647;
			files = (
				DC828C501EDC2A79002B5498 /* AppDelegate.swift in Sources */,
				DC828D0C1EDC3549002B5498 /* AirportsTableViewController.swift in Sources */,
				DC0CCC001EDD4B1F00553BA2 /* AirportDetailViewController.swift in Sources */,
			);
			runOnlyForDeploymentPostprocessing = 0;
		};
/* End PBXSourcesBuildPhase section */

/* Begin PBXVariantGroup section */
		DC828C531EDC2A79002B5498 /* Main.storyboard */ = {
			isa = PBXVariantGroup;
			children = (
				DC828C541EDC2A79002B5498 /* Base */,
			);
			name = Main.storyboard;
			sourceTree = "<group>";
		};
		DC828C581EDC2A79002B5498 /* LaunchScreen.storyboard */ = {
			isa = PBXVariantGroup;
			children = (
				DC828C591EDC2A79002B5498 /* Base */,
			);
			name = LaunchScreen.storyboard;
			sourceTree = "<group>";
		};
/* End PBXVariantGroup section */

/* Begin XCBuildConfiguration section */
		DC828C5C1EDC2A79002B5498 /* Debug */ = {
			isa = XCBuildConfiguration;
			buildSettings = {
				ALWAYS_SEARCH_USER_PATHS = NO;
				CLANG_ANALYZER_NONNULL = YES;
				CLANG_CXX_LANGUAGE_STANDARD = "gnu++0x";
				CLANG_CXX_LIBRARY = "libc++";
				CLANG_ENABLE_MODULES = YES;
				CLANG_ENABLE_OBJC_ARC = YES;
				CLANG_WARN_BOOL_CONVERSION = YES;
				CLANG_WARN_CONSTANT_CONVERSION = YES;
				CLANG_WARN_DIRECT_OBJC_ISA_USAGE = YES_ERROR;
				CLANG_WARN_DOCUMENTATION_COMMENTS = YES;
				CLANG_WARN_EMPTY_BODY = YES;
				CLANG_WARN_ENUM_CONVERSION = YES;
				CLANG_WARN_INFINITE_RECURSION = YES;
				CLANG_WARN_INT_CONVERSION = YES;
				CLANG_WARN_OBJC_ROOT_CLASS = YES_ERROR;
				CLANG_WARN_SUSPICIOUS_MOVE = YES;
				CLANG_WARN_UNREACHABLE_CODE = YES;
				CLANG_WARN__DUPLICATE_METHOD_MATCH = YES;
				"CODE_SIGN_IDENTITY[sdk=iphoneos*]" = "iPhone Developer";
				COPY_PHASE_STRIP = NO;
				DEBUG_INFORMATION_FORMAT = dwarf;
				ENABLE_STRICT_OBJC_MSGSEND = YES;
				ENABLE_TESTABILITY = YES;
				GCC_C_LANGUAGE_STANDARD = gnu99;
				GCC_DYNAMIC_NO_PIC = NO;
				GCC_NO_COMMON_BLOCKS = YES;
				GCC_OPTIMIZATION_LEVEL = 0;
				GCC_PREPROCESSOR_DEFINITIONS = (
					"DEBUG=1",
					"$(inherited)",
				);
				GCC_WARN_64_TO_32_BIT_CONVERSION = YES;
				GCC_WARN_ABOUT_RETURN_TYPE = YES_ERROR;
				GCC_WARN_UNDECLARED_SELECTOR = YES;
				GCC_WARN_UNINITIALIZED_AUTOS = YES_AGGRESSIVE;
				GCC_WARN_UNUSED_FUNCTION = YES;
				GCC_WARN_UNUSED_VARIABLE = YES;
				IPHONEOS_DEPLOYMENT_TARGET = 10.2;
				MTL_ENABLE_DEBUG_INFO = YES;
				ONLY_ACTIVE_ARCH = YES;
				SDKROOT = iphoneos;
				SWIFT_ACTIVE_COMPILATION_CONDITIONS = DEBUG;
				SWIFT_OPTIMIZATION_LEVEL = "-Onone";
			};
			name = Debug;
		};
		DC828C5D1EDC2A79002B5498 /* Release */ = {
			isa = XCBuildConfiguration;
			buildSettings = {
				ALWAYS_SEARCH_USER_PATHS = NO;
				CLANG_ANALYZER_NONNULL = YES;
				CLANG_CXX_LANGUAGE_STANDARD = "gnu++0x";
				CLANG_CXX_LIBRARY = "libc++";
				CLANG_ENABLE_MODULES = YES;
				CLANG_ENABLE_OBJC_ARC = YES;
				CLANG_WARN_BOOL_CONVERSION = YES;
				CLANG_WARN_CONSTANT_CONVERSION = YES;
				CLANG_WARN_DIRECT_OBJC_ISA_USAGE = YES_ERROR;
				CLANG_WARN_DOCUMENTATION_COMMENTS = YES;
				CLANG_WARN_EMPTY_BODY = YES;
				CLANG_WARN_ENUM_CONVERSION = YES;
				CLANG_WARN_INFINITE_RECURSION = YES;
				CLANG_WARN_INT_CONVERSION = YES;
				CLANG_WARN_OBJC_ROOT_CLASS = YES_ERROR;
				CLANG_WARN_SUSPICIOUS_MOVE = YES;
				CLANG_WARN_UNREACHABLE_CODE = YES;
				CLANG_WARN__DUPLICATE_METHOD_MATCH = YES;
				"CODE_SIGN_IDENTITY[sdk=iphoneos*]" = "iPhone Developer";
				COPY_PHASE_STRIP = NO;
				DEBUG_INFORMATION_FORMAT = "dwarf-with-dsym";
				ENABLE_NS_ASSERTIONS = NO;
				ENABLE_STRICT_OBJC_MSGSEND = YES;
				GCC_C_LANGUAGE_STANDARD = gnu99;
				GCC_NO_COMMON_BLOCKS = YES;
				GCC_WARN_64_TO_32_BIT_CONVERSION = YES;
				GCC_WARN_ABOUT_RETURN_TYPE = YES_ERROR;
				GCC_WARN_UNDECLARED_SELECTOR = YES;
				GCC_WARN_UNINITIALIZED_AUTOS = YES_AGGRESSIVE;
				GCC_WARN_UNUSED_FUNCTION = YES;
				GCC_WARN_UNUSED_VARIABLE = YES;
				IPHONEOS_DEPLOYMENT_TARGET = 10.2;
				MTL_ENABLE_DEBUG_INFO = NO;
				SDKROOT = iphoneos;
				SWIFT_OPTIMIZATION_LEVEL = "-Owholemodule";
				VALIDATE_PRODUCT = YES;
			};
			name = Release;
		};
		DC828C5F1EDC2A79002B5498 /* Debug */ = {
			isa = XCBuildConfiguration;
			buildSettings = {
				ASSETCATALOG_COMPILER_APPICON_NAME = AppIcon;
				INFOPLIST_FILE = AirportsList/Info.plist;
				LD_RUNPATH_SEARCH_PATHS = "$(inherited) @executable_path/Frameworks";
				PRODUCT_BUNDLE_IDENTIFIER = tw.com.cs.nccu.AirportsList;
				PRODUCT_NAME = "$(TARGET_NAME)";
				SWIFT_VERSION = 3.0;
			};
			name = Debug;
		};
		DC828C601EDC2A79002B5498 /* Release */ = {
			isa = XCBuildConfiguration;
			buildSettings = {
				ASSETCATALOG_COMPILER_APPICON_NAME = AppIcon;
				INFOPLIST_FILE = AirportsList/Info.plist;
				LD_RUNPATH_SEARCH_PATHS = "$(inherited) @executable_path/Frameworks";
				PRODUCT_BUNDLE_IDENTIFIER = tw.com.cs.nccu.AirportsList;
				PRODUCT_NAME = "$(TARGET_NAME)";
				SWIFT_VERSION = 3.0;
			};
			name = Release;
		};
/* End XCBuildConfiguration section */

/* Begin XCConfigurationList section */
		DC828C471EDC2A79002B5498 /* Build configuration list for PBXProject "AirportsList" */ = {
			isa = XCConfigurationList;
			buildConfigurations = (
				DC828C5C1EDC2A79002B5498 /* Debug */,
				DC828C5D1EDC2A79002B5498 /* Release */,
			);
			defaultConfigurationIsVisible = 0;
			defaultConfigurationName = Release;
		};
		DC828C5E1EDC2A79002B5498 /* Build configuration list for PBXNativeTarget "AirportsList" */ = {
			isa = XCConfigurationList;
			buildConfigurations = (
				DC828C5F1EDC2A79002B5498 /* Debug */,
				DC828C601EDC2A79002B5498 /* Release */,
			);
			defaultConfigurationIsVisible = 0;
			defaultConfigurationName = Release;
		};
/* End XCConfigurationList section */
	};
	rootObject = DC828C441EDC2A79002B5498 /* Project object */;
}
